version: 6
environments:
  default:
    channels:
    - url: https://conda.anaconda.org/conda-forge/
    packages:
      win-64:
      - conda: https://conda.anaconda.org/conda-forge/noarch/annotated-types-0.7.0-pyhd8ed1ab_1.conda
      - conda: https://conda.anaconda.org/conda-forge/win-64/bcrypt-4.3.0-py311h533ab2d_0.conda
      - conda: https://conda.anaconda.org/conda-forge/win-64/bzip2-1.0.8-h2466b09_7.conda
      - conda: https://conda.anaconda.org/conda-forge/win-64/ca-certificates-2025.1.31-h56e8100_0.conda
      - conda: https://conda.anaconda.org/conda-forge/win-64/cffi-1.17.1-py311he736701_0.conda
      - conda: https://conda.anaconda.org/conda-forge/noarch/colorama-0.4.6-pyhd8ed1ab_1.conda
      - conda: https://conda.anaconda.org/conda-forge/noarch/copier-9.6.0-pyhd8ed1ab_0.conda
      - conda: https://conda.anaconda.org/conda-forge/win-64/cryptography-39.0.2-py311h28e9c30_0.conda
      - conda: https://conda.anaconda.org/conda-forge/noarch/dunamai-1.23.1-pyhd8ed1ab_0.conda
      - conda: https://conda.anaconda.org/conda-forge/noarch/eval-type-backport-0.2.2-pyhd8ed1ab_0.conda
      - conda: https://conda.anaconda.org/conda-forge/noarch/eval_type_backport-0.2.2-pyha770c72_0.conda
      - conda: https://conda.anaconda.org/conda-forge/noarch/funcy-2.0-pyhd8ed1ab_1.conda
      - conda: https://conda.anaconda.org/conda-forge/win-64/git-2.49.0-h57928b3_0.conda
      - conda: https://conda.anaconda.org/conda-forge/noarch/importlib_resources-6.5.2-pyhd8ed1ab_0.conda
      - conda: https://conda.anaconda.org/conda-forge/win-64/intel-openmp-2024.2.1-h57928b3_1083.conda
      - conda: https://conda.anaconda.org/conda-forge/noarch/jinja2-3.1.6-pyhd8ed1ab_0.conda
      - conda: https://conda.anaconda.org/conda-forge/noarch/jinja2-ansible-filters-1.3.2-pyhd8ed1ab_1.conda
      - conda: https://conda.anaconda.org/conda-forge/win-64/libblas-3.9.0-31_h641d27c_mkl.conda
      - conda: https://conda.anaconda.org/conda-forge/win-64/libcblas-3.9.0-31_h5e41251_mkl.conda
      - conda: https://conda.anaconda.org/conda-forge/win-64/libffi-3.4.6-h537db12_1.conda
      - conda: https://conda.anaconda.org/conda-forge/win-64/libhwloc-2.11.2-default_ha69328c_1001.conda
      - conda: https://conda.anaconda.org/conda-forge/win-64/libiconv-1.18-h135ad9c_1.conda
      - conda: https://conda.anaconda.org/conda-forge/win-64/liblapack-3.9.0-31_h1aa476e_mkl.conda
      - conda: https://conda.anaconda.org/conda-forge/win-64/libsodium-1.0.20-hc70643c_0.conda
      - conda: https://conda.anaconda.org/conda-forge/win-64/libsqlite-3.49.1-h67fdade_2.conda
      - conda: https://conda.anaconda.org/conda-forge/win-64/libwinpthread-12.0.0.r4.gg4f2fc60ca-h57928b3_9.conda
      - conda: https://conda.anaconda.org/conda-forge/win-64/libxml2-2.13.7-h442d1da_1.conda
      - conda: https://conda.anaconda.org/conda-forge/win-64/libzlib-1.3.1-h2466b09_2.conda
      - conda: https://conda.anaconda.org/conda-forge/win-64/markupsafe-3.0.2-py311h5082efb_1.conda
      - conda: https://conda.anaconda.org/conda-forge/win-64/mkl-2024.2.2-h66d3029_15.conda
      - conda: https://conda.anaconda.org/conda-forge/win-64/numpy-2.2.4-py311h5e411d1_0.conda
      - conda: https://conda.anaconda.org/conda-forge/win-64/openssl-3.0.16-ha4e3fda_0.conda
      - conda: https://conda.anaconda.org/conda-forge/noarch/packaging-24.2-pyhd8ed1ab_2.conda
      - conda: https://conda.anaconda.org/conda-forge/win-64/pandas-2.2.3-py311hcf9f919_3.conda
      - conda: https://conda.anaconda.org/conda-forge/noarch/paramiko-3.5.1-pyhd8ed1ab_0.conda
      - conda: https://conda.anaconda.org/conda-forge/noarch/pathspec-0.12.1-pyhd8ed1ab_1.conda
      - conda: https://conda.anaconda.org/conda-forge/noarch/platformdirs-4.3.7-pyh29332c3_0.conda
      - conda: https://conda.anaconda.org/conda-forge/noarch/plumbum-1.9.0-pyh29332c3_2.conda
      - conda: https://conda.anaconda.org/conda-forge/noarch/prompt-toolkit-3.0.36-pyha770c72_0.conda
      - conda: https://conda.anaconda.org/conda-forge/noarch/prompt_toolkit-3.0.36-hd8ed1ab_0.conda
      - conda: https://conda.anaconda.org/conda-forge/noarch/pycparser-2.22-pyh29332c3_1.conda
      - conda: https://conda.anaconda.org/conda-forge/noarch/pydantic-2.11.3-pyh3cfb1c2_0.conda
      - conda: https://conda.anaconda.org/conda-forge/win-64/pydantic-core-2.33.1-py311ha250665_0.conda
      - conda: https://conda.anaconda.org/conda-forge/noarch/pygments-2.19.1-pyhd8ed1ab_0.conda
      - conda: https://conda.anaconda.org/conda-forge/win-64/pynacl-1.5.0-py311h984d3dc_4.conda
      - conda: https://conda.anaconda.org/conda-forge/win-64/python-3.11.0-hcf16a7b_0_cpython.tar.bz2
      - conda: https://conda.anaconda.org/conda-forge/noarch/python-dateutil-2.9.0.post0-pyhff2d567_1.conda
      - conda: https://conda.anaconda.org/conda-forge/noarch/python-tzdata-2025.2-pyhd8ed1ab_0.conda
      - conda: https://conda.anaconda.org/conda-forge/win-64/python_abi-3.11-6_cp311.conda
      - conda: https://conda.anaconda.org/conda-forge/noarch/pytz-2025.2-pyhd8ed1ab_0.conda
      - conda: https://conda.anaconda.org/conda-forge/win-64/pywin32-307-py311hda3d55a_3.conda
      - conda: https://conda.anaconda.org/conda-forge/noarch/pywin32-on-windows-0.1.0-pyh07e9846_2.tar.bz2
      - conda: https://conda.anaconda.org/conda-forge/win-64/pyyaml-6.0.2-py311h5082efb_2.conda
      - conda: https://conda.anaconda.org/conda-forge/noarch/questionary-2.1.0-pyhd8ed1ab_1.conda
      - conda: https://conda.anaconda.org/conda-forge/noarch/six-1.17.0-pyhd8ed1ab_0.conda
      - conda: https://conda.anaconda.org/conda-forge/win-64/tbb-2021.13.0-h62715c5_1.conda
      - conda: https://conda.anaconda.org/conda-forge/win-64/tk-8.6.13-h5226925_1.conda
      - conda: https://conda.anaconda.org/conda-forge/noarch/typing-extensions-4.13.2-h0e9735f_0.conda
      - conda: https://conda.anaconda.org/conda-forge/noarch/typing-inspection-0.4.0-pyhd8ed1ab_0.conda
      - conda: https://conda.anaconda.org/conda-forge/noarch/typing_extensions-4.13.2-pyh29332c3_0.conda
      - conda: https://conda.anaconda.org/conda-forge/noarch/tzdata-2025b-h78e105d_0.conda
      - conda: https://conda.anaconda.org/conda-forge/win-64/ucrt-10.0.22621.0-h57928b3_1.conda
      - conda: https://conda.anaconda.org/conda-forge/win-64/vc-14.3-h2b53caa_26.conda
      - conda: https://conda.anaconda.org/conda-forge/win-64/vc14_runtime-14.42.34438-hfd919c2_26.conda
      - conda: https://conda.anaconda.org/conda-forge/win-64/vs2015_runtime-14.42.34438-h7142326_26.conda
      - conda: https://conda.anaconda.org/conda-forge/noarch/wcwidth-0.2.13-pyhd8ed1ab_1.conda
      - conda: https://conda.anaconda.org/conda-forge/noarch/xarray-2025.3.1-pyhd8ed1ab_0.conda
      - conda: https://conda.anaconda.org/conda-forge/win-64/xz-5.2.6-h8d14728_0.tar.bz2
      - conda: https://conda.anaconda.org/conda-forge/win-64/yaml-0.2.5-h8ffe710_2.tar.bz2
      - conda: https://conda.anaconda.org/conda-forge/noarch/zipp-3.21.0-pyhd8ed1ab_1.conda
packages:
- conda: https://conda.anaconda.org/conda-forge/noarch/annotated-types-0.7.0-pyhd8ed1ab_1.conda
  sha256: e0ea1ba78fbb64f17062601edda82097fcf815012cf52bb704150a2668110d48
  md5: 2934f256a8acfe48f6ebb4fce6cde29c
  depends:
  - python >=3.9
  - typing-extensions >=4.0.0
  license: MIT
  license_family: MIT
  size: 18074
  timestamp: 1733247158254
- conda: https://conda.anaconda.org/conda-forge/win-64/bcrypt-4.3.0-py311h533ab2d_0.conda
  sha256: 4faa24ff41c442bfc0dd50e0496ec9f5a58fadf5d66bdc5b544370aaf190d0d8
  md5: 26d82fd7555fbfc029abd5fc9cff1a9d
  depends:
  - python >=3.11,<3.12.0a0
  - python_abi 3.11.* *_cp311
  - ucrt >=10.0.20348.0
  - vc >=14.2,<15
  - vc14_runtime >=14.29.30139
  arch: x86_64
  platform: win
  license: Apache-2.0
  license_family: Apache
  size: 143321
  timestamp: 1740763208138
- conda: https://conda.anaconda.org/conda-forge/win-64/bzip2-1.0.8-h2466b09_7.conda
  sha256: 35a5dad92e88fdd7fc405e864ec239486f4f31eec229e31686e61a140a8e573b
  md5: 276e7ffe9ffe39688abc665ef0f45596
  depends:
  - ucrt >=10.0.20348.0
  - vc >=14.2,<15
  - vc14_runtime >=14.29.30139
  arch: x86_64
  platform: win
  license: bzip2-1.0.6
  license_family: BSD
  size: 54927
  timestamp: 1720974860185
- conda: https://conda.anaconda.org/conda-forge/win-64/ca-certificates-2025.1.31-h56e8100_0.conda
  sha256: 1bedccdf25a3bd782d6b0e57ddd97cdcda5501716009f2de4479a779221df155
  md5: 5304a31607974dfc2110dfbb662ed092
  arch: x86_64
  platform: win
  license: ISC
  size: 158690
  timestamp: 1738298232550
- conda: https://conda.anaconda.org/conda-forge/win-64/cffi-1.17.1-py311he736701_0.conda
  sha256: 9689fbd8a31fdf273f826601e90146006f6631619767a67955048c7ad7798a1d
  md5: e1c69be23bd05471a6c623e91680ad59
  depends:
  - pycparser
  - python >=3.11,<3.12.0a0
  - python_abi 3.11.* *_cp311
  - ucrt >=10.0.20348.0
  - vc >=14.2,<15
  - vc14_runtime >=14.29.30139
  arch: x86_64
  platform: win
  license: MIT
  license_family: MIT
  size: 297627
  timestamp: 1725561079708
- conda: https://conda.anaconda.org/conda-forge/noarch/colorama-0.4.6-pyhd8ed1ab_1.conda
  sha256: ab29d57dc70786c1269633ba3dff20288b81664d3ff8d21af995742e2bb03287
  md5: 962b9857ee8e7018c22f2776ffa0b2d7
  depends:
  - python >=3.9
  license: BSD-3-Clause
  license_family: BSD
  size: 27011
  timestamp: 1733218222191
- conda: https://conda.anaconda.org/conda-forge/noarch/copier-9.6.0-pyhd8ed1ab_0.conda
  sha256: 5fb2901aabe48fa33aab7e13874e3f5cc8aadd50b4706b9d0435801aa485bb39
  md5: d4d1c3b13e1006394a1659a999d347f1
  depends:
  - colorama >=0.4.6
  - dunamai >=1.7.0
  - eval-type-backport >=0.1.3,<0.3.0
  - funcy >=1.17
  - git >=2.27
  - jinja2 >=3.1.5
  - jinja2-ansible-filters >=1.3.1
  - packaging >=23.0
  - pathspec >=0.9.0
  - platformdirs >=4.3.6
  - plumbum >=1.6.9
  - pydantic >=2.4.2
  - pygments >=2.7.1
  - python >=3.9
  - pyyaml >=5.3.1
  - questionary >=1.8.1
  license: MIT
  license_family: MIT
  size: 46422
  timestamp: 1741566312686
- conda: https://conda.anaconda.org/conda-forge/win-64/cryptography-39.0.2-py311h28e9c30_0.conda
  sha256: e91fe1d664ca1d3889b9c2610de1d012648d191a4e5aa63e3f558ad2cd553cea
  md5: 465e51215d79ac1ddcf6716b64a1f040
  depends:
  - cffi >=1.12
  - openssl >=3.0.8,<4.0a0
  - python >=3.11,<3.12.0a0
  - python_abi 3.11.* *_cp311
  - ucrt >=10.0.20348.0
  - vc >=14.2,<15
  - vs2015_runtime >=14.29.30139
  arch: x86_64
  platform: win
  license: Apache-2.0 AND BSD-3-Clause AND PSF-2.0 AND MIT
  license_family: BSD
  size: 1081943
  timestamp: 1677822520349
- conda: https://conda.anaconda.org/conda-forge/noarch/dunamai-1.23.1-pyhd8ed1ab_0.conda
  sha256: e74b9bf0bd6f82b265f244917c8df36f70b9bf85e5fb04a34832abe93a018fcc
  md5: 9419b5b48853b3297ac9368ea9f39c47
  depends:
  - packaging >=20.9
  - python >=3.9
  license: MIT
  license_family: MIT
  size: 29738
  timestamp: 1742578086460
- conda: https://conda.anaconda.org/conda-forge/noarch/eval-type-backport-0.2.2-pyhd8ed1ab_0.conda
  sha256: 05ffdcb83903c159bfbb78a07fbcce6fd6dda41df9c55ed75e0eb1db5528048f
  md5: 879479fda1dddb002fdc4885cea33740
  depends:
  - eval_type_backport >=0.2.2,<0.2.3.0a0
  - python >=3.9
  license: MIT
  license_family: MIT
  size: 6662
  timestamp: 1734857849281
- conda: https://conda.anaconda.org/conda-forge/noarch/eval_type_backport-0.2.2-pyha770c72_0.conda
  sha256: 2d721421a60676216e10837a240c75e2190e093920a4016a469fa9a62c95ab5f
  md5: 8681d7f876da5e66a1c7fce424509383
  depends:
  - python >=3.9
  constrains:
  - eval-type-backport >=0.2.2,<0.2.3.0a0
  license: MIT
  license_family: MIT
  size: 11520
  timestamp: 1734857840035
- conda: https://conda.anaconda.org/conda-forge/noarch/funcy-2.0-pyhd8ed1ab_1.conda
  sha256: 4a3e3e86b7b49aaa2a0faa57da2bcf39f7ee858499e8335132f83bfeed79191e
  md5: 84f8955e99a8944fdee49da39edb0add
  depends:
  - python >=3.9
  license: BSD-3-Clause
  license_family: BSD
  size: 30249
  timestamp: 1734381235500
- conda: https://conda.anaconda.org/conda-forge/win-64/git-2.49.0-h57928b3_0.conda
  sha256: 23c313d9a6e7784bdacc71d7fe9d5cd36d6984908e716422ed8ad9b38162d85f
  md5: 30c89cbda81237c8501ba98adac10ad7
  arch: x86_64
  platform: win
  license: GPL-2.0-or-later and LGPL-2.1-or-later
  size: 127194688
  timestamp: 1742298397813
- conda: https://conda.anaconda.org/conda-forge/noarch/importlib_resources-6.5.2-pyhd8ed1ab_0.conda
  sha256: acc1d991837c0afb67c75b77fdc72b4bf022aac71fedd8b9ea45918ac9b08a80
  md5: c85c76dc67d75619a92f51dfbce06992
  depends:
  - python >=3.9
  - zipp >=3.1.0
  constrains:
  - importlib-resources >=6.5.2,<6.5.3.0a0
  license: Apache-2.0
  license_family: APACHE
  size: 33781
  timestamp: 1736252433366
- conda: https://conda.anaconda.org/conda-forge/win-64/intel-openmp-2024.2.1-h57928b3_1083.conda
  sha256: 0fd2b0b84c854029041b0ede8f4c2369242ee92acc0092f8407b1fe9238a8209
  md5: 2d89243bfb53652c182a7c73182cce4f
  arch: x86_64
  platform: win
  license: LicenseRef-IntelSimplifiedSoftwareOct2022
  license_family: Proprietary
  size: 1852356
  timestamp: 1723739573141
- conda: https://conda.anaconda.org/conda-forge/noarch/jinja2-3.1.6-pyhd8ed1ab_0.conda
  sha256: f1ac18b11637ddadc05642e8185a851c7fab5998c6f5470d716812fae943b2af
  md5: 446bd6c8cb26050d528881df495ce646
  depends:
  - markupsafe >=2.0
  - python >=3.9
  license: BSD-3-Clause
  license_family: BSD
  size: 112714
  timestamp: 1741263433881
- conda: https://conda.anaconda.org/conda-forge/noarch/jinja2-ansible-filters-1.3.2-pyhd8ed1ab_1.conda
  sha256: a36789229ca9ce5315265b9d425abce9acb4691f5864aea69e935020545a9acb
  md5: 974c5b3e353f031cfcf2365c9d375926
  depends:
  - jinja2
  - python >=3.9
  - pyyaml
  license: BSD-2-Clause
  license_family: BSD
  size: 20315
  timestamp: 1734906203051
- conda: https://conda.anaconda.org/conda-forge/win-64/libblas-3.9.0-31_h641d27c_mkl.conda
  build_number: 31
  sha256: 7bb4d5b591e98fe607279520ee78e3571a297b5720aa789a2536041ad5540de8
  md5: d05563c577fe2f37693a554b3f271e8f
  depends:
  - mkl 2024.2.2 h66d3029_15
  constrains:
  - libcblas =3.9.0=31*_mkl
  - blas =2.131=mkl
  - liblapacke =3.9.0=31*_mkl
  - liblapack =3.9.0=31*_mkl
  arch: x86_64
  platform: win
  license: BSD-3-Clause
  license_family: BSD
  size: 3733728
  timestamp: 1740088452830
- conda: https://conda.anaconda.org/conda-forge/win-64/libcblas-3.9.0-31_h5e41251_mkl.conda
  build_number: 31
  sha256: 609f455b099919bd4d15d4a733f493dc789e02da73fe4474f1cca73afafb95b8
  md5: 43c100b94ad2607382b0cf0f3a6b0bf3
  depends:
  - libblas 3.9.0 31_h641d27c_mkl
  constrains:
  - blas =2.131=mkl
  - liblapacke =3.9.0=31*_mkl
  - liblapack =3.9.0=31*_mkl
  arch: x86_64
  platform: win
  license: BSD-3-Clause
  license_family: BSD
  size: 3733549
  timestamp: 1740088502127
- conda: https://conda.anaconda.org/conda-forge/win-64/libffi-3.4.6-h537db12_1.conda
  sha256: d3b0b8812eab553d3464bbd68204f007f1ebadf96ce30eb0cbc5159f72e353f5
  md5: 85d8fa5e55ed8f93f874b3b23ed54ec6
  depends:
  - ucrt >=10.0.20348.0
  - vc >=14.2,<15
  - vc14_runtime >=14.29.30139
  arch: x86_64
  platform: win
  license: MIT
  license_family: MIT
  size: 44978
  timestamp: 1743435053850
- conda: https://conda.anaconda.org/conda-forge/win-64/libhwloc-2.11.2-default_ha69328c_1001.conda
  sha256: 850e255997f538d5fb6ed651321141155a33bb781d43d326fc4ff62114dd2842
  md5: b87a0ac5ab6495d8225db5dc72dd21cd
  depends:
  - libwinpthread >=12.0.0.r4.gg4f2fc60ca
  - libxml2 >=2.13.4,<2.14.0a0
  - ucrt >=10.0.20348.0
  - vc >=14.2,<15
  - vc14_runtime >=14.29.30139
  arch: x86_64
  platform: win
  license: BSD-3-Clause
  license_family: BSD
  size: 2390021
  timestamp: 1731375651179
- conda: https://conda.anaconda.org/conda-forge/win-64/libiconv-1.18-h135ad9c_1.conda
  sha256: ea5ed2b362b6dbc4ba7188eb4eaf576146e3dfc6f4395e9f0db76ad77465f786
  md5: 21fc5dba2cbcd8e5e26ff976a312122c
  depends:
  - ucrt >=10.0.20348.0
  - vc >=14.2,<15
  - vc14_runtime >=14.29.30139
  arch: x86_64
  platform: win
  license: LGPL-2.1-only
  size: 638142
  timestamp: 1740128665984
- conda: https://conda.anaconda.org/conda-forge/win-64/liblapack-3.9.0-31_h1aa476e_mkl.conda
  build_number: 31
  sha256: 9415e807aa6f8968322bbd756aab8f487379d809c74266d37c697b8d85c534ad
  md5: 40b47ee720a185289760960fc6185750
  depends:
  - libblas 3.9.0 31_h641d27c_mkl
  constrains:
  - libcblas =3.9.0=31*_mkl
  - blas =2.131=mkl
  - liblapacke =3.9.0=31*_mkl
  arch: x86_64
  platform: win
  license: BSD-3-Clause
  license_family: BSD
  size: 3732648
  timestamp: 1740088548986
- conda: https://conda.anaconda.org/conda-forge/win-64/libsodium-1.0.20-hc70643c_0.conda
  sha256: 7bcb3edccea30f711b6be9601e083ecf4f435b9407d70fc48fbcf9e5d69a0fc6
  md5: 198bb594f202b205c7d18b936fa4524f
  depends:
  - ucrt >=10.0.20348.0
  - vc >=14.2,<15
  - vc14_runtime >=14.29.30139
  arch: x86_64
  platform: win
  license: ISC
  size: 202344
  timestamp: 1716828757533
- conda: https://conda.anaconda.org/conda-forge/win-64/libsqlite-3.49.1-h67fdade_2.conda
  sha256: c092d42d00fd85cf609cc58574ba2b03c141af5762283f36f5dd445ef7c0f4fe
  md5: b58b66d4ad1aaf1c2543cbbd6afb1a59
  depends:
  - ucrt >=10.0.20348.0
  - vc >=14.2,<15
  - vc14_runtime >=14.29.30139
  arch: x86_64
  platform: win
  license: Unlicense
  size: 1081292
  timestamp: 1742083956001
- conda: https://conda.anaconda.org/conda-forge/win-64/libwinpthread-12.0.0.r4.gg4f2fc60ca-h57928b3_9.conda
  sha256: 373f2973b8a358528b22be5e8d84322c165b4c5577d24d94fd67ad1bb0a0f261
  md5: 08bfa5da6e242025304b206d152479ef
  depends:
  - ucrt
  constrains:
  - pthreads-win32 <0.0a0
  - msys2-conda-epoch <0.0a0
  arch: x86_64
  platform: win
  license: MIT AND BSD-3-Clause-Clear
  size: 35794
  timestamp: 1737099561703
- conda: https://conda.anaconda.org/conda-forge/win-64/libxml2-2.13.7-h442d1da_1.conda
  sha256: 0a013527f784f4702dc18460070d8ec79d1ebb5087dd9e678d6afbeaca68d2ac
  md5: c14ff7f05e57489df9244917d2b55763
  depends:
  - libiconv >=1.18,<2.0a0
  - libzlib >=1.3.1,<2.0a0
  - ucrt >=10.0.20348.0
  - vc >=14.2,<15
  - vc14_runtime >=14.29.30139
  arch: x86_64
  platform: win
  license: MIT
  license_family: MIT
  size: 1513740
  timestamp: 1743795035107
- conda: https://conda.anaconda.org/conda-forge/win-64/libzlib-1.3.1-h2466b09_2.conda
  sha256: ba945c6493449bed0e6e29883c4943817f7c79cbff52b83360f7b341277c6402
  md5: 41fbfac52c601159df6c01f875de31b9
  depends:
  - ucrt >=10.0.20348.0
  - vc >=14.2,<15
  - vc14_runtime >=14.29.30139
  constrains:
  - zlib 1.3.1 *_2
  arch: x86_64
  platform: win
  license: Zlib
  license_family: Other
  size: 55476
  timestamp: 1727963768015
- conda: https://conda.anaconda.org/conda-forge/win-64/markupsafe-3.0.2-py311h5082efb_1.conda
  sha256: 6f756e13ccf1a521d3960bd3cadddf564e013e210eaeced411c5259f070da08e
  md5: c1f2ddad665323278952a453912dc3bd
  depends:
  - python >=3.11,<3.12.0a0
  - python_abi 3.11.* *_cp311
  - ucrt >=10.0.20348.0
  - vc >=14.2,<15
  - vc14_runtime >=14.29.30139
  constrains:
  - jinja2 >=3.0.0
  arch: x86_64
  platform: win
  license: BSD-3-Clause
  license_family: BSD
  size: 28238
  timestamp: 1733220208800
- conda: https://conda.anaconda.org/conda-forge/win-64/mkl-2024.2.2-h66d3029_15.conda
  sha256: 20e52b0389586d0b914a49cd286c5ccc9c47949bed60ca6df004d1d295f2edbd
  md5: 302dff2807f2927b3e9e0d19d60121de
  depends:
  - intel-openmp 2024.*
  - tbb 2021.*
  arch: x86_64
  platform: win
  license: LicenseRef-IntelSimplifiedSoftwareOct2022
  license_family: Proprietary
  size: 103106385
  timestamp: 1730232843711
- conda: https://conda.anaconda.org/conda-forge/win-64/numpy-2.2.4-py311h5e411d1_0.conda
  sha256: 02d9b03a27c932c8409f2670b0fc0003d1c2d153c61950f72f3a45e9ab24bf86
  md5: 3c1ffee6e6824f3281335dd3b48fab9d
  depends:
  - libblas >=3.9.0,<4.0a0
  - libcblas >=3.9.0,<4.0a0
  - liblapack >=3.9.0,<4.0a0
  - python >=3.11,<3.12.0a0
  - python_abi 3.11.* *_cp311
  - ucrt >=10.0.20348.0
  - vc >=14.2,<15
  - vc14_runtime >=14.29.30139
  constrains:
  - numpy-base <0a0
  arch: x86_64
  platform: win
  license: BSD-3-Clause
  license_family: BSD
  size: 7812453
  timestamp: 1742255882246
- conda: https://conda.anaconda.org/conda-forge/win-64/openssl-3.0.16-ha4e3fda_0.conda
  sha256: 3a12101b8d98aba58b8aecc60a7b09df49a54444be4862f9faaf6cb50834f2fa
  md5: 1392054a15aca76f856594c39cb8ee30
  depends:
  - ca-certificates
  - ucrt >=10.0.20348.0
  - vc >=14.2,<15
  - vc14_runtime >=14.29.30139
  constrains:
  - pyopenssl >=22.1
  arch: x86_64
  platform: win
  license: Apache-2.0
  license_family: Apache
  size: 7063493
  timestamp: 1739322142708
- conda: https://conda.anaconda.org/conda-forge/noarch/packaging-24.2-pyhd8ed1ab_2.conda
  sha256: da157b19bcd398b9804c5c52fc000fcb8ab0525bdb9c70f95beaa0bb42f85af1
  md5: 3bfed7e6228ebf2f7b9eaa47f1b4e2aa
  depends:
  - python >=3.8
  license: Apache-2.0
  license_family: APACHE
  size: 60164
  timestamp: 1733203368787
- conda: https://conda.anaconda.org/conda-forge/win-64/pandas-2.2.3-py311hcf9f919_3.conda
  sha256: 7aabb8d23a6817844a7f1b402e7e147e341cade5f470a908b8239f969c7b681c
  md5: 84c8b4aab176baefd352cd34f7e69469
  depends:
  - numpy >=1.19,<3
  - numpy >=1.22.4
  - python >=3.11,<3.12.0a0
  - python-dateutil >=2.8.2
  - python-tzdata >=2022.7
  - python_abi 3.11.* *_cp311
  - pytz >=2020.1
  - ucrt >=10.0.20348.0
  - vc >=14.2,<15
  - vc14_runtime >=14.29.30139
  constrains:
  - lxml >=4.9.2
  - pandas-gbq >=0.19.0
  - psycopg2 >=2.9.6
  - pyxlsb >=1.0.10
  - python-calamine >=0.1.7
  - html5lib >=1.1
  - sqlalchemy >=2.0.0
  - fastparquet >=2022.12.0
  - xarray >=2022.12.0
  - matplotlib >=3.6.3
  - numexpr >=2.8.4
  - pyqt5 >=5.15.9
  - openpyxl >=3.1.0
  - tzdata >=2022.7
  - bottleneck >=1.3.6
  - tabulate >=0.9.0
  - numba >=0.56.4
  - scipy >=1.10.0
  - beautifulsoup4 >=4.11.2
  - s3fs >=2022.11.0
  - gcsfs >=2022.11.0
  - qtpy >=2.3.0
  - odfpy >=1.4.1
  - pyreadstat >=1.2.0
  - xlrd >=2.0.1
  - pyarrow >=10.0.1
  - zstandard >=0.19.0
  - blosc >=1.21.3
  - fsspec >=2022.11.0
  - pytables >=3.8.0
  - xlsxwriter >=3.0.5
  arch: x86_64
  platform: win
  license: BSD-3-Clause
  size: 14530915
  timestamp: 1744431484551
- conda: https://conda.anaconda.org/conda-forge/noarch/paramiko-3.5.1-pyhd8ed1ab_0.conda
  sha256: 1499e558d31536707fdd7d0b569dbe29ae6e3aa8f2fdce9ea6f3df3ce4c1aaf1
  md5: 4e6bea7eee94bb9d8a599385215719f9
  depends:
  - bcrypt >=3.2
  - cryptography >=3.3
  - pynacl >=1.5
  - python >=3.9
  license: LGPL-2.1-or-later
  license_family: LGPL
  size: 161046
  timestamp: 1738679235142
- conda: https://conda.anaconda.org/conda-forge/noarch/pathspec-0.12.1-pyhd8ed1ab_1.conda
  sha256: 9f64009cdf5b8e529995f18e03665b03f5d07c0b17445b8badef45bde76249ee
  md5: 617f15191456cc6a13db418a275435e5
  depends:
  - python >=3.9
  license: MPL-2.0
  license_family: MOZILLA
  size: 41075
  timestamp: 1733233471940
- conda: https://conda.anaconda.org/conda-forge/noarch/platformdirs-4.3.7-pyh29332c3_0.conda
  sha256: ae7d3e58224d53d6b59e1f5ac5809803bb1972f0ac4fb10cd9b8c87d4122d3e0
  md5: e57da6fe54bb3a5556cf36d199ff07d8
  depends:
  - python >=3.9
  - python
  license: MIT
  license_family: MIT
  size: 23291
  timestamp: 1742485085457
- conda: https://conda.anaconda.org/conda-forge/noarch/plumbum-1.9.0-pyh29332c3_2.conda
  sha256: d171f3a3d573c48eec2ce12a431b48af99c9ac2633a9a2bda10b4788e8cc0440
  md5: 1977bcd50cc910604d9f4b4e1a7e6002
  depends:
  - python >=3.9
  - pywin32-on-windows
  - paramiko
  - importlib_resources
  - python
  license: MIT
  license_family: MIT
  size: 103499
  timestamp: 1741728915017
- conda: https://conda.anaconda.org/conda-forge/noarch/prompt-toolkit-3.0.36-pyha770c72_0.conda
  sha256: 6bd3626799c9467d7aa8ed5f95043e4cea614a1329580980ddcf40cfed3ee860
  md5: 4d79ec192e0bfd530a254006d123b9a6
  depends:
  - python >=3.6
  - wcwidth
  constrains:
  - prompt_toolkit 3.0.36
  license: BSD-3-Clause
  license_family: BSD
  size: 271530
  timestamp: 1670414885944
- conda: https://conda.anaconda.org/conda-forge/noarch/prompt_toolkit-3.0.36-hd8ed1ab_0.conda
  sha256: 8685763bf7b3299be8b1e6fccad1282217733c8fcf1d682397323e2e08a00a68
  md5: 482c15eb65dde2f899c4d68eaa938b1d
  depends:
  - prompt-toolkit >=3.0.36,<3.0.37.0a0
  license: BSD-3-Clause
  license_family: BSD
  size: 6372
  timestamp: 1670414891579
- conda: https://conda.anaconda.org/conda-forge/noarch/pycparser-2.22-pyh29332c3_1.conda
  sha256: 79db7928d13fab2d892592223d7570f5061c192f27b9febd1a418427b719acc6
  md5: 12c566707c80111f9799308d9e265aef
  depends:
  - python >=3.9
  - python
  license: BSD-3-Clause
  license_family: BSD
  size: 110100
  timestamp: 1733195786147
- conda: https://conda.anaconda.org/conda-forge/noarch/pydantic-2.11.3-pyh3cfb1c2_0.conda
  sha256: 89183785b09ebe9f9e65710057d7c41e9d21d4a9ad05e068850e18669655d5a8
  md5: 3c6f7f8ae9b9c177ad91ccc187912756
  depends:
  - annotated-types >=0.6.0
  - pydantic-core 2.33.1
  - python >=3.9
  - typing-extensions >=4.6.1
  - typing-inspection >=0.4.0
  - typing_extensions >=4.12.2
  license: MIT
  license_family: MIT
  size: 306616
  timestamp: 1744192311966
- conda: https://conda.anaconda.org/conda-forge/win-64/pydantic-core-2.33.1-py311ha250665_0.conda
  sha256: bdbfb2e0a7e9f37071d1619dd9af33668bb47ba8f0117846742a5a7de3184bff
  md5: 549cc2f2754ba510f7616af5c5b8aff6
  depends:
  - python
  - typing-extensions >=4.6.0,!=4.7.0
  - vc >=14.2,<15
  - vc14_runtime >=14.29.30139
  - ucrt >=10.0.20348.0
  - vc >=14.2,<15
  - vc14_runtime >=14.29.30139
  - ucrt >=10.0.20348.0
  - python_abi 3.11.* *_cp311
  arch: x86_64
  platform: win
  license: MIT
  license_family: MIT
  size: 1908984
  timestamp: 1743607711275
- conda: https://conda.anaconda.org/conda-forge/noarch/pygments-2.19.1-pyhd8ed1ab_0.conda
  sha256: 28a3e3161390a9d23bc02b4419448f8d27679d9e2c250e29849e37749c8de86b
  md5: 232fb4577b6687b2d503ef8e254270c9
  depends:
  - python >=3.9
  license: BSD-2-Clause
  license_family: BSD
  size: 888600
  timestamp: 1736243563082
- conda: https://conda.anaconda.org/conda-forge/win-64/pynacl-1.5.0-py311h984d3dc_4.conda
  sha256: 8adcd34fe180530af60173df88b5cdf1bb30c0aaa906b6e14458bf35fb2cdd79
  md5: 27e7462456b1290d20c338a3f0537ec4
  depends:
  - cffi >=1.4.1
  - libsodium >=1.0.20,<1.0.21.0a0
  - python >=3.11,<3.12.0a0
  - python_abi 3.11.* *_cp311
  - six
  - ucrt >=10.0.20348.0
  - vc >=14.2,<15
  - vc14_runtime >=14.29.30139
  arch: x86_64
  platform: win
  license: Apache-2.0
  license_family: Apache
  size: 1173388
  timestamp: 1725739632911
- conda: https://conda.anaconda.org/conda-forge/win-64/python-3.11.0-hcf16a7b_0_cpython.tar.bz2
  sha256: 20d1f1b5dc620b745c325844545fd5c0cdbfdb2385a0e27ef1507399844c8c6d
  md5: 13ee3577afc291dabd2d9edc59736688
  depends:
  - bzip2 >=1.0.8,<2.0a0
  - libffi >=3.4.2,<3.5.0a0
  - libsqlite >=3.39.4,<4.0a0
  - libzlib >=1.2.13,<2.0.0a0
  - openssl >=3.0.5,<4.0a0
  - tk >=8.6.12,<8.7.0a0
  - tzdata
  - vc >=14.1,<15
  - vs2015_runtime >=14.16.27033
  - xz >=5.2.6,<5.3.0a0
  constrains:
  - python_abi 3.11.* *_cp311
  arch: x86_64
  platform: win
  license: Python-2.0
  size: 19819816
  timestamp: 1666678800085
- conda: https://conda.anaconda.org/conda-forge/noarch/python-dateutil-2.9.0.post0-pyhff2d567_1.conda
  sha256: a50052536f1ef8516ed11a844f9413661829aa083304dc624c5925298d078d79
  md5: 5ba79d7c71f03c678c8ead841f347d6e
  depends:
  - python >=3.9
  - six >=1.5
  license: Apache-2.0
  license_family: APACHE
  size: 222505
  timestamp: 1733215763718
- conda: https://conda.anaconda.org/conda-forge/noarch/python-tzdata-2025.2-pyhd8ed1ab_0.conda
  sha256: e8392a8044d56ad017c08fec2b0eb10ae3d1235ac967d0aab8bd7b41c4a5eaf0
  md5: 88476ae6ebd24f39261e0854ac244f33
  depends:
  - python >=3.9
  license: Apache-2.0
  license_family: APACHE
  size: 144160
  timestamp: 1742745254292
- conda: https://conda.anaconda.org/conda-forge/win-64/python_abi-3.11-6_cp311.conda
  build_number: 6
  sha256: 82b09808cc4f80212be7539d542d5853e0aaa593bc715f02b831c0ea0552b8bf
  md5: 0cdb3079c532b4d216bc9efacd510138
  constrains:
  - python 3.11.* *_cpython
  arch: x86_64
  platform: win
  license: BSD-3-Clause
  license_family: BSD
  size: 7348
  timestamp: 1743483205320
- conda: https://conda.anaconda.org/conda-forge/noarch/pytz-2025.2-pyhd8ed1ab_0.conda
  sha256: 8d2a8bf110cc1fc3df6904091dead158ba3e614d8402a83e51ed3a8aa93cdeb0
  md5: bc8e3267d44011051f2eb14d22fb0960
  depends:
  - python >=3.9
  license: MIT
  license_family: MIT
  size: 189015
  timestamp: 1742920947249
- conda: https://conda.anaconda.org/conda-forge/win-64/pywin32-307-py311hda3d55a_3.conda
  sha256: 78a4ede098bbc122a3dff4e0e27255e30b236101818e8f499779c89670c58cd6
  md5: 1bc10dbe3b8d03071070c962a2bdf65f
  depends:
  - python >=3.11,<3.12.0a0
  - python_abi 3.11.* *_cp311
  - ucrt >=10.0.20348.0
  - vc >=14.2,<15
  - vc14_runtime >=14.29.30139
  arch: x86_64
  platform: win
  license: PSF-2.0
  license_family: PSF
  size: 6023110
  timestamp: 1728636767562
- conda: https://conda.anaconda.org/conda-forge/noarch/pywin32-on-windows-0.1.0-pyh07e9846_2.tar.bz2
  sha256: 09803b75cccc16d8586d2f41ea890658d165f4afc359973fa1c7904a2c140eae
  md5: 91733394059b880d9cc0d010c20abda0
  depends:
  - python >=2.7
  - pywin32
  license: BSD-3-Clause
  license_family: BSD
  size: 5282
  timestamp: 1646866839398
- conda: https://conda.anaconda.org/conda-forge/win-64/pyyaml-6.0.2-py311h5082efb_2.conda
  sha256: 6095e1d58c666f6a06c55338df09485eac34c76e43d92121d5786794e195aa4d
  md5: e474ba674d780f0fa3b979ae9e81ba91
  depends:
  - python >=3.11,<3.12.0a0
  - python_abi 3.11.* *_cp311
  - ucrt >=10.0.20348.0
  - vc >=14.2,<15
  - vc14_runtime >=14.29.30139
  - yaml >=0.2.5,<0.3.0a0
  arch: x86_64
  platform: win
  license: MIT
  license_family: MIT
  size: 187430
  timestamp: 1737454904007
- conda: https://conda.anaconda.org/conda-forge/noarch/questionary-2.1.0-pyhd8ed1ab_1.conda
  sha256: 7f348452dd30da9e915ecbe248681c62b321f77552cb66235b667a999bf61ceb
  md5: 5cb508138c0534f6ecd123f29ae51bab
  depends:
  - prompt_toolkit <=3.0.36,>=2.0
  - python >=3.9
  license: MIT
  license_family: MIT
  size: 30491
  timestamp: 1736021773640
- conda: https://conda.anaconda.org/conda-forge/noarch/six-1.17.0-pyhd8ed1ab_0.conda
  sha256: 41db0180680cc67c3fa76544ffd48d6a5679d96f4b71d7498a759e94edc9a2db
  md5: a451d576819089b0d672f18768be0f65
  depends:
  - python >=3.9
  license: MIT
  license_family: MIT
  size: 16385
  timestamp: 1733381032766
- conda: https://conda.anaconda.org/conda-forge/win-64/tbb-2021.13.0-h62715c5_1.conda
  sha256: 03cc5442046485b03dd1120d0f49d35a7e522930a2ab82f275e938e17b07b302
  md5: 9190dd0a23d925f7602f9628b3aed511
  depends:
  - libhwloc >=2.11.2,<2.11.3.0a0
  - ucrt >=10.0.20348.0
  - vc >=14.2,<15
  - vc14_runtime >=14.29.30139
  arch: x86_64
  platform: win
  license: Apache-2.0
  license_family: APACHE
  size: 151460
  timestamp: 1732982860332
- conda: https://conda.anaconda.org/conda-forge/win-64/tk-8.6.13-h5226925_1.conda
  sha256: 2c4e914f521ccb2718946645108c9bd3fc3216ba69aea20c2c3cedbd8db32bb1
  md5: fc048363eb8f03cd1737600a5d08aafe
  depends:
  - ucrt >=10.0.20348.0
  - vc >=14.2,<15
  - vc14_runtime >=14.29.30139
  arch: x86_64
  platform: win
  license: TCL
  license_family: BSD
  size: 3503410
  timestamp: 1699202577803
- conda: https://conda.anaconda.org/conda-forge/noarch/typing-extensions-4.13.2-h0e9735f_0.conda
  sha256: 4865fce0897d3cb0ffc8998219157a8325f6011c136e6fd740a9a6b169419296
  md5: 568ed1300869dca0ba09fb750cda5dbb
  depends:
  - typing_extensions ==4.13.2 pyh29332c3_0
  license: PSF-2.0
  license_family: PSF
  size: 89900
  timestamp: 1744302253997
- conda: https://conda.anaconda.org/conda-forge/noarch/typing-inspection-0.4.0-pyhd8ed1ab_0.conda
  sha256: 172f971d70e1dbb978f6061d3f72be463d0f629155338603450d8ffe87cbf89d
  md5: c5c76894b6b7bacc888ba25753bc8677
  depends:
  - python >=3.9
  - typing_extensions >=4.12.0
  license: MIT
  license_family: MIT
  size: 18070
  timestamp: 1741438157162
- conda: https://conda.anaconda.org/conda-forge/noarch/typing_extensions-4.13.2-pyh29332c3_0.conda
  sha256: a8aaf351e6461de0d5d47e4911257e25eec2fa409d71f3b643bb2f748bde1c08
  md5: 83fc6ae00127671e301c9f44254c31b8
  depends:
  - python >=3.9
  - python
  license: PSF-2.0
  license_family: PSF
  size: 52189
  timestamp: 1744302253997
- conda: https://conda.anaconda.org/conda-forge/noarch/tzdata-2025b-h78e105d_0.conda
  sha256: 5aaa366385d716557e365f0a4e9c3fca43ba196872abbbe3d56bb610d131e192
  md5: 4222072737ccff51314b5ece9c7d6f5a
  license: LicenseRef-Public-Domain
  size: 122968
  timestamp: 1742727099393
- conda: https://conda.anaconda.org/conda-forge/win-64/ucrt-10.0.22621.0-h57928b3_1.conda
  sha256: db8dead3dd30fb1a032737554ce91e2819b43496a0db09927edf01c32b577450
  md5: 6797b005cd0f439c4c5c9ac565783700
  constrains:
  - vs2015_runtime >=14.29.30037
  arch: x86_64
  platform: win
  license: LicenseRef-MicrosoftWindowsSDK10
  size: 559710
  timestamp: 1728377334097
- conda: https://conda.anaconda.org/conda-forge/win-64/vc-14.3-h2b53caa_26.conda
  sha256: 7a685b5c37e9713fa314a0d26b8b1d7a2e6de5ab758698199b5d5b6dba2e3ce1
  md5: d3f0381e38093bde620a8d85f266ae55
  depends:
  - vc14_runtime >=14.42.34433
  arch: x86_64
  platform: win
  track_features:
  - vc14
  license: BSD-3-Clause
  license_family: BSD
  size: 17893
  timestamp: 1743195261486
- conda: https://conda.anaconda.org/conda-forge/win-64/vc14_runtime-14.42.34438-hfd919c2_26.conda
  sha256: 30dcb71bb166e351aadbdc18f1718757c32cdaa0e1e5d9368469ee44f6bf4709
  md5: 91651a36d31aa20c7ba36299fb7068f4
  depends:
  - ucrt >=10.0.20348.0
  constrains:
  - vs2015_runtime 14.42.34438.* *_26
  arch: x86_64
  platform: win
  license: LicenseRef-MicrosoftVisualCpp2015-2022Runtime
  license_family: Proprietary
  size: 750733
  timestamp: 1743195092905
- conda: https://conda.anaconda.org/conda-forge/win-64/vs2015_runtime-14.42.34438-h7142326_26.conda
  sha256: 432f2937206f1ad4a77e39f84fabc1ce7d2472b669836fb72bd2bfd19a2defc9
  md5: 3357e4383dbce31eed332008ede242ab
  depends:
  - vc14_runtime >=14.42.34438
  arch: x86_64
  platform: win
  license: BSD-3-Clause
  license_family: BSD
  size: 17873
  timestamp: 1743195097269
- conda: https://conda.anaconda.org/conda-forge/noarch/wcwidth-0.2.13-pyhd8ed1ab_1.conda
  sha256: f21e63e8f7346f9074fd00ca3b079bd3d2fa4d71f1f89d5b6934bf31446dc2a5
  md5: b68980f2495d096e71c7fd9d7ccf63e6
  depends:
  - python >=3.9
  license: MIT
  license_family: MIT
  size: 32581
  timestamp: 1733231433877
- conda: https://conda.anaconda.org/conda-forge/noarch/xarray-2025.3.1-pyhd8ed1ab_0.conda
  sha256: e2b175eaee8ac7eebd4bf136d03dc1586f0f4b23a3a3ce92852083e3c1bc4f81
  md5: 976dd71c7eade7422717aa192afd1c71
  depends:
  - numpy >=1.24
  - packaging >=23.2
  - pandas >=2.1
  - python >=3.10
  constrains:
  - bottleneck >=1.3
  - hdf5 >=1.12
  - dask-core >=2023.11
  - seaborn-base >=0.13
  - cartopy >=0.22
  - flox >=0.7
  - numba >=0.57
  - h5netcdf >=1.3
  - sparse >=0.14
  - zarr >=2.16
  - netcdf4 >=1.6.0
  - toolz >=0.12
  - nc-time-axis >=1.4
  - cftime >=1.6
  - matplotlib-base >=3.8
  - scipy >=1.11
  - distributed >=2023.11
  - h5py >=3.8
  - iris >=3.7
  - pint >=0.22
  license: Apache-2.0
  license_family: APACHE
  size: 854249
  timestamp: 1743444491374
- conda: https://conda.anaconda.org/conda-forge/win-64/xz-5.2.6-h8d14728_0.tar.bz2
  sha256: 54d9778f75a02723784dc63aff4126ff6e6749ba21d11a6d03c1f4775f269fe0
  md5: 515d77642eaa3639413c6b1bc3f94219
  depends:
  - vc >=14.1,<15
  - vs2015_runtime >=14.16.27033
  arch: x86_64
  platform: win
  license: LGPL-2.1 and GPL-2.0
  size: 217804
  timestamp: 1660346976440
- conda: https://conda.anaconda.org/conda-forge/win-64/yaml-0.2.5-h8ffe710_2.tar.bz2
  sha256: 4e2246383003acbad9682c7c63178e2e715ad0eb84f03a8df1fbfba455dfedc5
  md5: adbfb9f45d1004a26763652246a33764
  depends:
  - vc >=14.1,<15.0a0
  - vs2015_runtime >=14.16.27012
  arch: x86_64
  platform: win
  license: MIT
  license_family: MIT
  size: 63274
  timestamp: 1641347623319
- conda: https://conda.anaconda.org/conda-forge/noarch/zipp-3.21.0-pyhd8ed1ab_1.conda
  sha256: 567c04f124525c97a096b65769834b7acb047db24b15a56888a322bf3966c3e1
  md5: 0c3cc595284c5e8f0f9900a9b228a332
  depends:
  - python >=3.9
  license: MIT
  license_family: MIT
  size: 21809
  timestamp: 1732827613585
